
Microsoft Visual Studio Solution File, Format Version 12.00
# Visual Studio Version 16
VisualStudioVersion = 16.0.30104.148
MinimumVisualStudioVersion = 10.0.40219.1
Project("{F184B08F-C81C-45F6-A57F-5ABD9991F28F}") = "Login_", "Login_.vbproj", "{6C2C0ED2-1C9E-4495-B1A6-6AA73F1A3899}"
EndProject
Global
	GlobalSection(SolutionConfigurationPlatforms) = preSolution
		Debug|Any CPU = Debug|Any CPU
		Release|Any CPU = Release|Any CPU
	EndGlobalSection
	GlobalSection(ProjectConfigurationPlatforms) = postSolution
		{6C2C0ED2-1C9E-4495-B1A6-6AA73F1A3899}.Debug|Any CPU.ActiveCfg = Debug|Any CPU
		{6C2C0ED2-1C9E-4495-B1A6-6AA73F1A3899}.Debug|Any CPU.Build.0 = Debug|Any CPU
		{6C2C0ED2-1C9E-4495-B1A6-6AA73F1A3899}.Release|Any CPU.ActiveCfg = Release|Any CPU
		{6C2C0ED2-1C9E-4495-B1A6-6AA73F1A3899}.Release|Any CPU.Build.0 = Release|Any CPU
	EndGlobalSection
	GlobalSection(SolutionProperties) = preSolution
		HideSolutionNode = FALSE
	EndGlobalSection
	GlobalSection(ExtensibilityGlobals) = postSolution
		SolutionGuid = {0434F81F-27D6-4712-A120-6E74EBECC40E}
	EndGlobalSection
EndGlobal
