
Microsoft Visual Studio Solution File, Format Version 12.00
# Visual Studio Version 16
VisualStudioVersion = 16.0.30128.74
MinimumVisualStudioVersion = 10.0.40219.1
Project("{F184B08F-C81C-45F6-A57F-5ABD9991F28F}") = "Index", "Index\Index.vbproj", "{00766C7E-5B2F-4856-95B5-D0D247DB32C0}"
EndProject
Global
	GlobalSection(SolutionConfigurationPlatforms) = preSolution
		Debug|Any CPU = Debug|Any CPU
		Release|Any CPU = Release|Any CPU
	EndGlobalSection
	GlobalSection(ProjectConfigurationPlatforms) = postSolution
		{00766C7E-5B2F-4856-95B5-D0D247DB32C0}.Debug|Any CPU.ActiveCfg = Debug|Any CPU
		{00766C7E-5B2F-4856-95B5-D0D247DB32C0}.Debug|Any CPU.Build.0 = Debug|Any CPU
		{00766C7E-5B2F-4856-95B5-D0D247DB32C0}.Release|Any CPU.ActiveCfg = Release|Any CPU
		{00766C7E-5B2F-4856-95B5-D0D247DB32C0}.Release|Any CPU.Build.0 = Release|Any CPU
	EndGlobalSection
	GlobalSection(SolutionProperties) = preSolution
		HideSolutionNode = FALSE
	EndGlobalSection
	GlobalSection(ExtensibilityGlobals) = postSolution
		SolutionGuid = {511A6B0F-E920-4C62-ABA0-C09E458D806D}
	EndGlobalSection
EndGlobal
