
Microsoft Visual Studio Solution File, Format Version 12.00
# Visual Studio Version 16
VisualStudioVersion = 16.0.30225.117
MinimumVisualStudioVersion = 10.0.40219.1
Project("{F184B08F-C81C-45F6-A57F-5ABD9991F28F}") = "Data_transfer", "Data_transfer\Data_transfer.vbproj", "{9EFC5683-07E3-4FA5-955A-CE5DCC7219CF}"
EndProject
Global
	GlobalSection(SolutionConfigurationPlatforms) = preSolution
		Debug|Any CPU = Debug|Any CPU
		Release|Any CPU = Release|Any CPU
	EndGlobalSection
	GlobalSection(ProjectConfigurationPlatforms) = postSolution
		{9EFC5683-07E3-4FA5-955A-CE5DCC7219CF}.Debug|Any CPU.ActiveCfg = Debug|Any CPU
		{9EFC5683-07E3-4FA5-955A-CE5DCC7219CF}.Debug|Any CPU.Build.0 = Debug|Any CPU
		{9EFC5683-07E3-4FA5-955A-CE5DCC7219CF}.Release|Any CPU.ActiveCfg = Release|Any CPU
		{9EFC5683-07E3-4FA5-955A-CE5DCC7219CF}.Release|Any CPU.Build.0 = Release|Any CPU
	EndGlobalSection
	GlobalSection(SolutionProperties) = preSolution
		HideSolutionNode = FALSE
	EndGlobalSection
	GlobalSection(ExtensibilityGlobals) = postSolution
		SolutionGuid = {E7EBEB66-78E8-4F50-A096-E5DF549D839C}
	EndGlobalSection
EndGlobal
