
Microsoft Visual Studio Solution File, Format Version 12.00
# Visual Studio Version 16
VisualStudioVersion = 16.0.30523.141
MinimumVisualStudioVersion = 10.0.40219.1
Project("{FAE04EC0-301F-11D3-BF4B-00C04F79EFBC}") = "Obj_class_", "Obj_class_\Obj_class_.csproj", "{39C271CA-12EE-43A9-A5A9-79F0B6B15C0E}"
EndProject
Global
	GlobalSection(SolutionConfigurationPlatforms) = preSolution
		Debug|Any CPU = Debug|Any CPU
		Release|Any CPU = Release|Any CPU
	EndGlobalSection
	GlobalSection(ProjectConfigurationPlatforms) = postSolution
		{39C271CA-12EE-43A9-A5A9-79F0B6B15C0E}.Debug|Any CPU.ActiveCfg = Debug|Any CPU
		{39C271CA-12EE-43A9-A5A9-79F0B6B15C0E}.Debug|Any CPU.Build.0 = Debug|Any CPU
		{39C271CA-12EE-43A9-A5A9-79F0B6B15C0E}.Release|Any CPU.ActiveCfg = Release|Any CPU
		{39C271CA-12EE-43A9-A5A9-79F0B6B15C0E}.Release|Any CPU.Build.0 = Release|Any CPU
	EndGlobalSection
	GlobalSection(SolutionProperties) = preSolution
		HideSolutionNode = FALSE
	EndGlobalSection
	GlobalSection(ExtensibilityGlobals) = postSolution
		SolutionGuid = {295BF148-1E6F-4201-BB67-B3361492E9D8}
	EndGlobalSection
EndGlobal
