
Microsoft Visual Studio Solution File, Format Version 12.00
# Visual Studio Version 16
VisualStudioVersion = 16.0.30104.148
MinimumVisualStudioVersion = 10.0.40219.1
Project("{F184B08F-C81C-45F6-A57F-5ABD9991F28F}") = "Connect_Database", "Connect_Database.vbproj", "{04F842FC-D9AE-4F5C-94A2-A472BEAC14B6}"
EndProject
Global
	GlobalSection(SolutionConfigurationPlatforms) = preSolution
		Debug|Any CPU = Debug|Any CPU
		Release|Any CPU = Release|Any CPU
	EndGlobalSection
	GlobalSection(ProjectConfigurationPlatforms) = postSolution
		{04F842FC-D9AE-4F5C-94A2-A472BEAC14B6}.Debug|Any CPU.ActiveCfg = Debug|Any CPU
		{04F842FC-D9AE-4F5C-94A2-A472BEAC14B6}.Debug|Any CPU.Build.0 = Debug|Any CPU
		{04F842FC-D9AE-4F5C-94A2-A472BEAC14B6}.Release|Any CPU.ActiveCfg = Release|Any CPU
		{04F842FC-D9AE-4F5C-94A2-A472BEAC14B6}.Release|Any CPU.Build.0 = Release|Any CPU
	EndGlobalSection
	GlobalSection(SolutionProperties) = preSolution
		HideSolutionNode = FALSE
	EndGlobalSection
	GlobalSection(ExtensibilityGlobals) = postSolution
		SolutionGuid = {3594C516-4127-426B-A4B0-203E5085FC97}
	EndGlobalSection
EndGlobal
