
Microsoft Visual Studio Solution File, Format Version 12.00
# Visual Studio Version 16
VisualStudioVersion = 16.0.30204.135
MinimumVisualStudioVersion = 10.0.40219.1
Project("{F184B08F-C81C-45F6-A57F-5ABD9991F28F}") = "IP", "IP\IP.vbproj", "{84ED1DD4-47D8-4AF0-9178-5C818C037BFD}"
EndProject
Global
	GlobalSection(SolutionConfigurationPlatforms) = preSolution
		Debug|Any CPU = Debug|Any CPU
		Release|Any CPU = Release|Any CPU
	EndGlobalSection
	GlobalSection(ProjectConfigurationPlatforms) = postSolution
		{84ED1DD4-47D8-4AF0-9178-5C818C037BFD}.Debug|Any CPU.ActiveCfg = Debug|Any CPU
		{84ED1DD4-47D8-4AF0-9178-5C818C037BFD}.Debug|Any CPU.Build.0 = Debug|Any CPU
		{84ED1DD4-47D8-4AF0-9178-5C818C037BFD}.Release|Any CPU.ActiveCfg = Release|Any CPU
		{84ED1DD4-47D8-4AF0-9178-5C818C037BFD}.Release|Any CPU.Build.0 = Release|Any CPU
	EndGlobalSection
	GlobalSection(SolutionProperties) = preSolution
		HideSolutionNode = FALSE
	EndGlobalSection
	GlobalSection(ExtensibilityGlobals) = postSolution
		SolutionGuid = {FFD6459E-0468-4A4C-B97A-E7ADB9FCF3BE}
	EndGlobalSection
EndGlobal
